<?xml version="1.0" encoding="utf-8"?>
<Project ToolsVersion="4.0" xmlns="http://schemas.microsoft.com/developer/msbuild/2003">
  <ItemGroup>
    <Filter Include="Source files">
      <UniqueIdentifier>{47e03645-963c-482a-b29b-7f7e2ba105c1}</UniqueIdentifier>
      <Extensions>cpp;c;cc;cxx;def;odl;idl;hpj;bat;asm;asmx</Extensions>
    </Filter>
    <Filter Include="Header files">
      <UniqueIdentifier>{2a9427f6-22b1-42de-ab23-edea9a5ebd9e}</UniqueIdentifier>
      <Extensions>h;hpp;hxx;hm;inl;inc;xsd</Extensions>
    </Filter>
    <Filter Include="Resource files">
      <UniqueIdentifier>{f6fe86e0-68ff-426f-b730-4081a185a4e0}</UniqueIdentifier>
      <Extensions>rc;ico;cur;bmp;dlg;rc2;rct;bin;rgs;gif;jpg;jpeg;jpe;resx;tiff;tif;png;wav</Extensions>
    </Filter>
    <Filter Include="Make files">
      <UniqueIdentifier>{80af8fbd-2eed-4a29-8cd1-2b8f78b55f0c}</UniqueIdentifier>
      <Extensions>*.mak</Extensions>
    </Filter>
    <Filter Include="Source files\Device-specific files">
      <UniqueIdentifier>{82463dfc-52d8-4502-8c2b-792ed0ce0096}</UniqueIdentifier>
    </Filter>
    <Filter Include="Header files\Device-specific files">
      <UniqueIdentifier>{cf5bfb88-9d33-4c42-8a67-35e4d422c1b0}</UniqueIdentifier>
    </Filter>
    <Filter Include="Source files\cpu">
      <UniqueIdentifier>{79c2a8ad-b570-4172-97dc-fc06b6450340}</UniqueIdentifier>
    </Filter>
    <Filter Include="Source files\comm">
      <UniqueIdentifier>{c4f6d8a7-32dd-41c6-90d6-e0c8fea92f82}</UniqueIdentifier>
    </Filter>
    <Filter Include="Source files\i2c">
      <UniqueIdentifier>{76aae8d9-dca7-459f-93af-afdb33a1fdc7}</UniqueIdentifier>
    </Filter>
    <Filter Include="Source files\imu">
      <UniqueIdentifier>{e631ef65-9ce1-46e7-8369-a9e1df744d06}</UniqueIdentifier>
    </Filter>
    <Filter Include="Source files\led">
      <UniqueIdentifier>{0b4ef8c0-6c8b-4b8d-b59d-107bea191871}</UniqueIdentifier>
    </Filter>
    <Filter Include="drivers">
      <UniqueIdentifier>{71323771-4ef9-4dad-ae08-97f29bef299f}</UniqueIdentifier>
    </Filter>
    <Filter Include="drivers\mcg">
      <UniqueIdentifier>{d151ea74-1a00-4a0d-90bc-3765ff0afb65}</UniqueIdentifier>
    </Filter>
    <Filter Include="Header files\comm">
      <UniqueIdentifier>{b2461c00-e069-4ada-ae15-c1e50305e690}</UniqueIdentifier>
    </Filter>
    <Filter Include="Header files\cpu">
      <UniqueIdentifier>{d4b9efec-eb82-4f8b-9cd4-01d0c93aee14}</UniqueIdentifier>
    </Filter>
    <Filter Include="Header files\i2c">
      <UniqueIdentifier>{ceb096c7-0394-4993-92b3-1f3f3daa9e95}</UniqueIdentifier>
    </Filter>
    <Filter Include="Header files\imu">
      <UniqueIdentifier>{17b92ace-3c3f-4d3a-88b5-ca801782e052}</UniqueIdentifier>
    </Filter>
    <Filter Include="Header files\led">
      <UniqueIdentifier>{8e326bed-cb7d-458d-a2cd-8f0b1eb31687}</UniqueIdentifier>
    </Filter>
    <Filter Include="libraries">
      <UniqueIdentifier>{263ae818-b9f7-488c-9a5e-18e2a4b7a6d3}</UniqueIdentifier>
    </Filter>
    <Filter Include="libraries\libfixkalman">
      <UniqueIdentifier>{d20acb27-ad47-4dcc-82de-f0ca0d668c73}</UniqueIdentifier>
    </Filter>
    <Filter Include="libraries\libfixmath">
      <UniqueIdentifier>{24e65258-4341-49d8-9b5b-d150957c6be8}</UniqueIdentifier>
    </Filter>
    <Filter Include="libraries\libfixmatrix">
      <UniqueIdentifier>{f1fb81a7-9b3d-4859-9dbe-6e6cbd666335}</UniqueIdentifier>
    </Filter>
    <Filter Include="Source files\fusion">
      <UniqueIdentifier>{6c2281d4-6e1d-4d88-a3be-3485dabe44b8}</UniqueIdentifier>
    </Filter>
    <Filter Include="Header files\fusion">
      <UniqueIdentifier>{727a243b-48a5-4450-98ad-db7d8ec31ff5}</UniqueIdentifier>
    </Filter>
  </ItemGroup>
  <ItemGroup>
    <ClCompile Include="..\..\..\..\..\Users\Markus\AppData\Local\VisualGDB\EmbeddedBSPs\arm-eabi\com.sysprogs.arm.freescale.kinetis\Common\startup.c">
      <Filter>Source files\Device-specific files</Filter>
    </ClCompile>
    <ClCompile Include="..\..\..\..\..\Users\Markus\AppData\Local\VisualGDB\EmbeddedBSPs\arm-eabi\com.sysprogs.arm.freescale.kinetis\KL25Z4\hwinit_KL25Z4.c">
      <Filter>Source files\Device-specific files</Filter>
    </ClCompile>
    <ClCompile Include="..\..\..\..\..\Users\Markus\AppData\Local\VisualGDB\EmbeddedBSPs\arm-eabi\com.sysprogs.arm.freescale.kinetis\KL25Z4\vectors_KL25Z4.c">
      <Filter>Source files\Device-specific files</Filter>
    </ClCompile>
    <ClCompile Include="Sources\main.c">
      <Filter>Source files</Filter>
    </ClCompile>
    <ClCompile Include="Sources\sa_mtb.c">
      <Filter>Source files</Filter>
    </ClCompile>
    <ClCompile Include="Sources\comm\buffer.c">
      <Filter>Source files\comm</Filter>
    </ClCompile>
    <ClCompile Include="Sources\comm\io.c">
      <Filter>Source files\comm</Filter>
    </ClCompile>
    <ClCompile Include="Sources\comm\p2pprotocol.c">
      <Filter>Source files\comm</Filter>
    </ClCompile>
    <ClCompile Include="Sources\comm\uart.c">
      <Filter>Source files\comm</Filter>
    </ClCompile>
    <ClCompile Include="Sources\cpu\clock.c">
      <Filter>Source files\cpu</Filter>
    </ClCompile>
    <ClCompile Include="Sources\cpu\systick.c">
      <Filter>Source files\cpu</Filter>
    </ClCompile>
    <ClCompile Include="Sources\i2c\i2c.c">
      <Filter>Source files\i2c</Filter>
    </ClCompile>
    <ClCompile Include="Sources\i2c\i2carbiter.c">
      <Filter>Source files\i2c</Filter>
    </ClCompile>
    <ClCompile Include="Sources\imu\mma8451q.c">
      <Filter>Source files\imu</Filter>
    </ClCompile>
    <ClCompile Include="Sources\imu\mpu6050.c">
      <Filter>Source files\imu</Filter>
    </ClCompile>
    <ClCompile Include="Sources\imu\hmc5883l.c">
      <Filter>Source files\imu</Filter>
    </ClCompile>
    <ClCompile Include="Sources\led\led.c">
      <Filter>Source files\led</Filter>
    </ClCompile>
    <ClCompile Include="drivers\mcg\mcg.c">
      <Filter>drivers\mcg</Filter>
    </ClCompile>
    <ClCompile Include="libraries\libfixmatrix\fixmatrix.c">
      <Filter>libraries\libfixmatrix</Filter>
    </ClCompile>
    <ClCompile Include="libraries\libfixmatrix\fixquat.c">
      <Filter>libraries\libfixmatrix</Filter>
    </ClCompile>
    <ClCompile Include="libraries\libfixmatrix\fixstring.c">
      <Filter>libraries\libfixmatrix</Filter>
    </ClCompile>
    <ClCompile Include="libraries\libfixmatrix\fixvector2d.c">
      <Filter>libraries\libfixmatrix</Filter>
    </ClCompile>
    <ClCompile Include="libraries\libfixmatrix\fixvector3d.c">
      <Filter>libraries\libfixmatrix</Filter>
    </ClCompile>
    <ClCompile Include="libraries\libfixmatrix\fixarray.c">
      <Filter>libraries\libfixmatrix</Filter>
    </ClCompile>
    <ClCompile Include="libraries\libfixmath\fix16_str.c">
      <Filter>libraries\libfixmath</Filter>
    </ClCompile>
    <ClCompile Include="libraries\libfixmath\fix16_trig.c">
      <Filter>libraries\libfixmath</Filter>
    </ClCompile>
    <ClCompile Include="libraries\libfixmath\fract32.c">
      <Filter>libraries\libfixmath</Filter>
    </ClCompile>
    <ClCompile Include="libraries\libfixmath\uint32.c">
      <Filter>libraries\libfixmath</Filter>
    </ClCompile>
    <ClCompile Include="libraries\libfixmath\fix16.c">
      <Filter>libraries\libfixmath</Filter>
    </ClCompile>
    <ClCompile Include="libraries\libfixmath\fix16_exp.c">
      <Filter>libraries\libfixmath</Filter>
    </ClCompile>
    <ClCompile Include="libraries\libfixmath\fix16_sqrt.c">
      <Filter>libraries\libfixmath</Filter>
    </ClCompile>
    <ClCompile Include="Sources\fusion\sensor_calibration.c">
      <Filter>Source files\fusion</Filter>
    </ClCompile>
    <ClCompile Include="libraries\libfixkalman\fixkalman.c">
      <Filter>libraries\libfixkalman</Filter>
    </ClCompile>
  </ItemGroup>
  <ItemGroup>
    <None Include="Makefile" />
    <None Include="debug.mak">
      <Filter>Make files</Filter>
    </None>
    <None Include="release.mak">
      <Filter>Make files</Filter>
    </None>
    <None Include="kinetis.mak">
      <Filter>Source files\Device-specific files</Filter>
    </None>
    <None Include="libraries\libfixmatrix\FUNCTIONS.rst">
      <Filter>libraries\libfixmatrix</Filter>
    </None>
    <None Include="libraries\libfixkalman\FUNCTIONS.rst">
      <Filter>libraries\libfixkalman</Filter>
    </None>
  </ItemGroup>
  <ItemGroup>
    <ClInclude Include="..\..\..\..\..\Users\Markus\AppData\Local\VisualGDB\EmbeddedBSPs\arm-eabi\com.sysprogs.arm.freescale.kinetis\KL25Z4\mkl25z4.h">
      <Filter>Header files\Device-specific files</Filter>
    </ClInclude>
    <ClInclude Include="Project_Headers\bme.h">
      <Filter>Header files</Filter>
    </ClInclude>
    <ClInclude Include="Project_Headers\endian.h">
      <Filter>Header files</Filter>
    </ClInclude>
    <ClInclude Include="Project_Headers\nice_names.h">
      <Filter>Header files</Filter>
    </ClInclude>
    <ClInclude Include="Project_Headers\system_ARMCM0plus.h">
      <Filter>Header files\Device-specific files</Filter>
    </ClInclude>
    <ClInclude Include="Project_Headers\ARMCM0plus.h">
      <Filter>Header files\Device-specific files</Filter>
    </ClInclude>
    <ClInclude Include="Project_Headers\derivative.h">
      <Filter>Header files\Device-specific files</Filter>
    </ClInclude>
    <ClInclude Include="drivers\mcg\mcg.h">
      <Filter>drivers\mcg</Filter>
    </ClInclude>
    <ClInclude Include="Project_Headers\comm\buffer.h">
      <Filter>Header files\comm</Filter>
    </ClInclude>
    <ClInclude Include="Project_Headers\comm\io.h">
      <Filter>Header files\comm</Filter>
    </ClInclude>
    <ClInclude Include="Project_Headers\comm\p2pprotocol.h">
      <Filter>Header files\comm</Filter>
    </ClInclude>
    <ClInclude Include="Project_Headers\comm\uart.h">
      <Filter>Header files\comm</Filter>
    </ClInclude>
    <ClInclude Include="Project_Headers\cpu\clock.h">
      <Filter>Header files\cpu</Filter>
    </ClInclude>
    <ClInclude Include="Project_Headers\cpu\delay.h">
      <Filter>Header files\cpu</Filter>
    </ClInclude>
    <ClInclude Include="Project_Headers\cpu\systick.h">
      <Filter>Header files\cpu</Filter>
    </ClInclude>
    <ClInclude Include="Project_Headers\i2c\i2c.h">
      <Filter>Header files\i2c</Filter>
    </ClInclude>
    <ClInclude Include="Project_Headers\i2c\i2carbiter.h">
      <Filter>Header files\i2c</Filter>
    </ClInclude>
    <ClInclude Include="Project_Headers\imu\hmc5883l.h">
      <Filter>Header files\imu</Filter>
    </ClInclude>
    <ClInclude Include="Project_Headers\imu\mma8451q.h">
      <Filter>Header files\imu</Filter>
    </ClInclude>
    <ClInclude Include="Project_Headers\imu\mpu6050.h">
      <Filter>Header files\imu</Filter>
    </ClInclude>
    <ClInclude Include="Project_Headers\led\led.h">
      <Filter>Header files\led</Filter>
    </ClInclude>
    <ClInclude Include="libraries\libfixmatrix\fixarray.h">
      <Filter>libraries\libfixmatrix</Filter>
    </ClInclude>
    <ClInclude Include="libraries\libfixmatrix\fixmatrix.h">
      <Filter>libraries\libfixmatrix</Filter>
    </ClInclude>
    <ClInclude Include="libraries\libfixmatrix\fixquat.h">
      <Filter>libraries\libfixmatrix</Filter>
    </ClInclude>
    <ClInclude Include="libraries\libfixmatrix\fixstring.h">
      <Filter>libraries\libfixmatrix</Filter>
    </ClInclude>
    <ClInclude Include="libraries\libfixmatrix\fixvector2d.h">
      <Filter>libraries\libfixmatrix</Filter>
    </ClInclude>
    <ClInclude Include="libraries\libfixmatrix\fixvector3d.h">
      <Filter>libraries\libfixmatrix</Filter>
    </ClInclude>
    <ClInclude Include="libraries\libfixmath\fix16_trig_sin_lut.h">
      <Filter>libraries\libfixmath</Filter>
    </ClInclude>
    <ClInclude Include="libraries\libfixmath\fixmath.h">
      <Filter>libraries\libfixmath</Filter>
    </ClInclude>
    <ClInclude Include="libraries\libfixmath\fract32.h">
      <Filter>libraries\libfixmath</Filter>
    </ClInclude>
    <ClInclude Include="libraries\libfixmath\int64.h">
      <Filter>libraries\libfixmath</Filter>
    </ClInclude>
    <ClInclude Include="libraries\libfixmath\uint32.h">
      <Filter>libraries\libfixmath</Filter>
    </ClInclude>
    <ClInclude Include="libraries\libfixmath\fix16.h">
      <Filter>libraries\libfixmath</Filter>
    </ClInclude>
    <ClInclude Include="libraries\libfixkalman\compiler.h">
      <Filter>libraries\libfixkalman</Filter>
    </ClInclude>
    <ClInclude Include="Project_Headers\fusion\sensor_calibration.h">
      <Filter>Header files\fusion</Filter>
    </ClInclude>
    <ClInclude Include="libraries\libfixkalman\fixkalman.h">
      <Filter>libraries\libfixkalman</Filter>
    </ClInclude>
  </ItemGroup>
</Project>